// !$*UTF8*$!
{
	archiveVersion = 1;
	classes = {
	};
	objectVersion = 50;
	objects = {

/* Begin PBXBuildFile section */
		9335452520FE7E2700729388 /* AppDelegate.swift in Sources */ = {isa = PBXBuildFile; fileRef = 9335452420FE7E2700729388 /* AppDelegate.swift */; };
		9335452A20FE7E2700729388 /* Main.storyboard in Resources */ = {isa = PBXBuildFile; fileRef = 9335452820FE7E2700729388 /* Main.storyboard */; };
		9335452C20FE7E2A00729388 /* Assets.xcassets in Resources */ = {isa = PBXBuildFile; fileRef = 9335452B20FE7E2A00729388 /* Assets.xcassets */; };
		9335452F20FE7E2A00729388 /* LaunchScreen.storyboard in Resources */ = {isa = PBXBuildFile; fileRef = 9335452D20FE7E2A00729388 /* LaunchScreen.storyboard */; };
		9335453720FE7EEA00729388 /* TableViewController.swift in Sources */ = {isa = PBXBuildFile; fileRef = 9335453620FE7EEA00729388 /* TableViewController.swift */; };
		9336D36920FF87C400927159 /* ViewController.swift in Sources */ = {isa = PBXBuildFile; fileRef = 9336D36820FF87C400927159 /* ViewController.swift */; };
		9336D36B20FFCE9400927159 /* TableViewController2.swift in Sources */ = {isa = PBXBuildFile; fileRef = 9336D36A20FFCE9400927159 /* TableViewController2.swift */; };
		936891102103A06900CB5404 /* SearchBarTableViewController.swift in Sources */ = {isa = PBXBuildFile; fileRef = 9368910F2103A06900CB5404 /* SearchBarTableViewController.swift */; };
		936891122103B70000CB5404 /* SearchDisplayViewController.swift in Sources */ = {isa = PBXBuildFile; fileRef = 936891112103B70000CB5404 /* SearchDisplayViewController.swift */; };
		939C28DA21007BBB0043AC36 /* ShowViewController.swift in Sources */ = {isa = PBXBuildFile; fileRef = 939C28D921007BBB0043AC36 /* ShowViewController.swift */; };
		939C2900210385920043AC36 /* StaticTableViewController.swift in Sources */ = {isa = PBXBuildFile; fileRef = 939C28FF210385920043AC36 /* StaticTableViewController.swift */; };
/* End PBXBuildFile section */

/* Begin PBXFileReference section */
		9335452120FE7E2700729388 /* SearchBar.app */ = {isa = PBXFileReference; explicitFileType = wrapper.application; includeInIndex = 0; path = SearchBar.app; sourceTree = BUILT_PRODUCTS_DIR; };
		9335452420FE7E2700729388 /* AppDelegate.swift */ = {isa = PBXFileReference; lastKnownFileType = sourcecode.swift; path = AppDelegate.swift; sourceTree = "<group>"; };
		9335452920FE7E2700729388 /* Base */ = {isa = PBXFileReference; lastKnownFileType = file.storyboard; name = Base; path = Base.lproj/Main.storyboard; sourceTree = "<group>"; };
		9335452B20FE7E2A00729388 /* Assets.xcassets */ = {isa = PBXFileReference; lastKnownFileType = folder.assetcatalog; path = Assets.xcassets; sourceTree = "<group>"; };
		9335452E20FE7E2A00729388 /* Base */ = {isa = PBXFileReference; lastKnownFileType = file.storyboard; name = Base; path = Base.lproj/LaunchScreen.storyboard; sourceTree = "<group>"; };
		9335453020FE7E2A00729388 /* Info.plist */ = {isa = PBXFileReference; lastKnownFileType = text.plist.xml; path = Info.plist; sourceTree = "<group>"; };
		9335453620FE7EEA00729388 /* TableViewController.swift */ = {isa = PBXFileReference; lastKnownFileType = sourcecode.swift; path = TableViewController.swift; sourceTree = "<group>"; };
		9336D36820FF87C400927159 /* ViewController.swift */ = {isa = PBXFileReference; lastKnownFileType = sourcecode.swift; path = ViewController.swift; sourceTree = "<group>"; };
		9336D36A20FFCE9400927159 /* TableViewController2.swift */ = {isa = PBXFileReference; lastKnownFileType = sourcecode.swift; path = TableViewController2.swift; sourceTree = "<group>"; };
		9368910F2103A06900CB5404 /* SearchBarTableViewController.swift */ = {isa = PBXFileReference; lastKnownFileType = sourcecode.swift; path = SearchBarTableViewController.swift; sourceTree = "<group>"; };
		936891112103B70000CB5404 /* SearchDisplayViewController.swift */ = {isa = PBXFileReference; lastKnownFileType = sourcecode.swift; path = SearchDisplayViewController.swift; sourceTree = "<group>"; };
		939C28D921007BBB0043AC36 /* ShowViewController.swift */ = {isa = PBXFileReference; lastKnownFileType = sourcecode.swift; path = ShowViewController.swift; sourceTree = "<group>"; };
		939C28FF210385920043AC36 /* StaticTableViewController.swift */ = {isa = PBXFileReference; lastKnownFileType = sourcecode.swift; path = StaticTableViewController.swift; sourceTree = "<group>"; };
/* End PBXFileReference section */

/* Begin PBXFrameworksBuildPhase section */
		9335451E20FE7E2700729388 /* Frameworks */ = {
			isa = PBXFrameworksBuildPhase;
			buildActionMask = 2147483647;
			files = (
			);
			runOnlyForDeploymentPostprocessing = 0;
		};
/* End PBXFrameworksBuildPhase section */

/* Begin PBXGroup section */
		9335451820FE7E2700729388 = {
			isa = PBXGroup;
			children = (
				9335452320FE7E2700729388 /* SearchBar */,
				9335452220FE7E2700729388 /* Products */,
			);
			sourceTree = "<group>";
		};
		9335452220FE7E2700729388 /* Products */ = {
			isa = PBXGroup;
			children = (
				9335452120FE7E2700729388 /* SearchBar.app */,
			);
			name = Products;
			sourceTree = "<group>";
		};
		9335452320FE7E2700729388 /* SearchBar */ = {
			isa = PBXGroup;
			children = (
				9335452420FE7E2700729388 /* AppDelegate.swift */,
				9335452820FE7E2700729388 /* Main.storyboard */,
				9335452B20FE7E2A00729388 /* Assets.xcassets */,
				9335452D20FE7E2A00729388 /* LaunchScreen.storyboard */,
				9335453020FE7E2A00729388 /* Info.plist */,
				9335453620FE7EEA00729388 /* TableViewController.swift */,
				9336D36820FF87C400927159 /* ViewController.swift */,
				9336D36A20FFCE9400927159 /* TableViewController2.swift */,
				939C28D921007BBB0043AC36 /* ShowViewController.swift */,
				939C28FF210385920043AC36 /* StaticTableViewController.swift */,
				9368910F2103A06900CB5404 /* SearchBarTableViewController.swift */,
				936891112103B70000CB5404 /* SearchDisplayViewController.swift */,
			);
			path = SearchBar;
			sourceTree = "<group>";
		};
/* End PBXGroup section */

/* Begin PBXNativeTarget section */
		9335452020FE7E2700729388 /* SearchBar */ = {
			isa = PBXNativeTarget;
			buildConfigurationList = 9335453320FE7E2A00729388 /* Build configuration list for PBXNativeTarget "SearchBar" */;
			buildPhases = (
				9335451D20FE7E2700729388 /* Sources */,
				9335451E20FE7E2700729388 /* Frameworks */,
				9335451F20FE7E2700729388 /* Resources */,
			);
			buildRules = (
			);
			dependencies = (
			);
			name = SearchBar;
			productName = SearchBar;
			productReference = 9335452120FE7E2700729388 /* SearchBar.app */;
			productType = "com.apple.product-type.application";
		};
/* End PBXNativeTarget section */

/* Begin PBXProject section */
		9335451920FE7E2700729388 /* Project object */ = {
			isa = PBXProject;
			attributes = {
				LastSwiftUpdateCheck = 0940;
				LastUpgradeCheck = 0940;
				ORGANIZATIONNAME = "Teodik Abrami";
				TargetAttributes = {
					9335452020FE7E2700729388 = {
						CreatedOnToolsVersion = 9.4.1;
					};
				};
			};
			buildConfigurationList = 9335451C20FE7E2700729388 /* Build configuration list for PBXProject "SearchBar" */;
			compatibilityVersion = "Xcode 9.3";
			developmentRegion = en;
			hasScannedForEncodings = 0;
			knownRegions = (
				en,
				Base,
			);
			mainGroup = 9335451820FE7E2700729388;
			productRefGroup = 9335452220FE7E2700729388 /* Products */;
			projectDirPath = "";
			projectRoot = "";
			targets = (
				9335452020FE7E2700729388 /* SearchBar */,
			);
		};
/* End PBXProject section */

/* Begin PBXResourcesBuildPhase section */
		9335451F20FE7E2700729388 /* Resources */ = {
			isa = PBXResourcesBuildPhase;
			buildActionMask = 2147483647;
			files = (
				9335452F20FE7E2A00729388 /* LaunchScreen.storyboard in Resources */,
				9335452C20FE7E2A00729388 /* Assets.xcassets in Resources */,
				9335452A20FE7E2700729388 /* Main.storyboard in Resources */,
			);
			runOnlyForDeploymentPostprocessing = 0;
		};
/* End PBXResourcesBuildPhase section */

/* Begin PBXSourcesBuildPhase section */
		9335451D20FE7E2700729388 /* Sources */ = {
			isa = PBXSourcesBuildPhase;
			buildActionMask = 2147483647;
			files = (
				939C28DA21007BBB0043AC36 /* ShowViewController.swift in Sources */,
				939C2900210385920043AC36 /* StaticTableViewController.swift in Sources */,
				936891102103A06900CB5404 /* SearchBarTableViewController.swift in Sources */,
				9336D36920FF87C400927159 /* ViewController.swift in Sources */,
				9335453720FE7EEA00729388 /* TableViewController.swift in Sources */,
				936891122103B70000CB5404 /* SearchDisplayViewController.swift in Sources */,
				9336D36B20FFCE9400927159 /* TableViewController2.swift in Sources */,
				9335452520FE7E2700729388 /* AppDelegate.swift in Sources */,
			);
			runOnlyForDeploymentPostprocessing = 0;
		};
/* End PBXSourcesBuildPhase section */

/* Begin PBXVariantGroup section */
		9335452820FE7E2700729388 /* Main.storyboard */ = {
			isa = PBXVariantGroup;
			children = (
				9335452920FE7E2700729388 /* Base */,
			);
			name = Main.storyboard;
			sourceTree = "<group>";
		};
		9335452D20FE7E2A00729388 /* LaunchScreen.storyboard */ = {
			isa = PBXVariantGroup;
			children = (
				9335452E20FE7E2A00729388 /* Base */,
			);
			name = LaunchScreen.storyboard;
			sourceTree = "<group>";
		};
/* End PBXVariantGroup section */

/* Begin XCBuildConfiguration section */
		9335453120FE7E2A00729388 /* Debug */ = {
			isa = XCBuildConfiguration;
			buildSettings = {
				ALWAYS_SEARCH_USER_PATHS = NO;
				CLANG_ANALYZER_NONNULL = YES;
				CLANG_ANALYZER_NUMBER_OBJECT_CONVERSION = YES_AGGRESSIVE;
				CLANG_CXX_LANGUAGE_STANDARD = "gnu++14";
				CLANG_CXX_LIBRARY = "libc++";
				CLANG_ENABLE_MODULES = YES;
				CLANG_ENABLE_OBJC_ARC = YES;
				CLANG_ENABLE_OBJC_WEAK = YES;
				CLANG_WARN_BLOCK_CAPTURE_AUTORELEASING = YES;
				CLANG_WARN_BOOL_CONVERSION = YES;
				CLANG_WARN_COMMA = YES;
				CLANG_WARN_CONSTANT_CONVERSION = YES;
				CLANG_WARN_DEPRECATED_OBJC_IMPLEMENTATIONS = YES;
				CLANG_WARN_DIRECT_OBJC_ISA_USAGE = YES_ERROR;
				CLANG_WARN_DOCUMENTATION_COMMENTS = YES;
				CLANG_WARN_EMPTY_BODY = YES;
				CLANG_WARN_ENUM_CONVERSION = YES;
				CLANG_WARN_INFINITE_RECURSION = YES;
				CLANG_WARN_INT_CONVERSION = YES;
				CLANG_WARN_NON_LITERAL_NULL_CONVERSION = YES;
				CLANG_WARN_OBJC_IMPLICIT_RETAIN_SELF = YES;
				CLANG_WARN_OBJC_LITERAL_CONVERSION = YES;
				CLANG_WARN_OBJC_ROOT_CLASS = YES_ERROR;
				CLANG_WARN_RANGE_LOOP_ANALYSIS = YES;
				CLANG_WARN_STRICT_PROTOTYPES = YES;
				CLANG_WARN_SUSPICIOUS_MOVE = YES;
				CLANG_WARN_UNGUARDED_AVAILABILITY = YES_AGGRESSIVE;
				CLANG_WARN_UNREACHABLE_CODE = YES;
				CLANG_WARN__DUPLICATE_METHOD_MATCH = YES;
				CODE_SIGN_IDENTITY = "iPhone Developer";
				COPY_PHASE_STRIP = NO;
				DEBUG_INFORMATION_FORMAT = dwarf;
				ENABLE_STRICT_OBJC_MSGSEND = YES;
				ENABLE_TESTABILITY = YES;
				GCC_C_LANGUAGE_STANDARD = gnu11;
				GCC_DYNAMIC_NO_PIC = NO;
				GCC_NO_COMMON_BLOCKS = YES;
				GCC_OPTIMIZATION_LEVEL = 0;
				GCC_PREPROCESSOR_DEFINITIONS = (
					"DEBUG=1",
					"$(inherited)",
				);
				GCC_WARN_64_TO_32_BIT_CONVERSION = YES;
				GCC_WARN_ABOUT_RETURN_TYPE = YES_ERROR;
				GCC_WARN_UNDECLARED_SELECTOR = YES;
				GCC_WARN_UNINITIALIZED_AUTOS = YES_AGGRESSIVE;
				GCC_WARN_UNUSED_FUNCTION = YES;
				GCC_WARN_UNUSED_VARIABLE = YES;
				IPHONEOS_DEPLOYMENT_TARGET = 11.4;
				MTL_ENABLE_DEBUG_INFO = YES;
				ONLY_ACTIVE_ARCH = YES;
				SDKROOT = iphoneos;
				SWIFT_ACTIVE_COMPILATION_CONDITIONS = DEBUG;
				SWIFT_OPTIMIZATION_LEVEL = "-Onone";
			};
			name = Debug;
		};
		9335453220FE7E2A00729388 /* Release */ = {
			isa = XCBuildConfiguration;
			buildSettings = {
				ALWAYS_SEARCH_USER_PATHS = NO;
				CLANG_ANALYZER_NONNULL = YES;
				CLANG_ANALYZER_NUMBER_OBJECT_CONVERSION = YES_AGGRESSIVE;
				CLANG_CXX_LANGUAGE_STANDARD = "gnu++14";
				CLANG_CXX_LIBRARY = "libc++";
				CLANG_ENABLE_MODULES = YES;
				CLANG_ENABLE_OBJC_ARC = YES;
				CLANG_ENABLE_OBJC_WEAK = YES;
				CLANG_WARN_BLOCK_CAPTURE_AUTORELEASING = YES;
				CLANG_WARN_BOOL_CONVERSION = YES;
				CLANG_WARN_COMMA = YES;
				CLANG_WARN_CONSTANT_CONVERSION = YES;
				CLANG_WARN_DEPRECATED_OBJC_IMPLEMENTATIONS = YES;
				CLANG_WARN_DIRECT_OBJC_ISA_USAGE = YES_ERROR;
				CLANG_WARN_DOCUMENTATION_COMMENTS = YES;
				CLANG_WARN_EMPTY_BODY = YES;
				CLANG_WARN_ENUM_CONVERSION = YES;
				CLANG_WARN_INFINITE_RECURSION = YES;
				CLANG_WARN_INT_CONVERSION = YES;
				CLANG_WARN_NON_LITERAL_NULL_CONVERSION = YES;
				CLANG_WARN_OBJC_IMPLICIT_RETAIN_SELF = YES;
				CLANG_WARN_OBJC_LITERAL_CONVERSION = YES;
				CLANG_WARN_OBJC_ROOT_CLASS = YES_ERROR;
				CLANG_WARN_RANGE_LOOP_ANALYSIS = YES;
				CLANG_WARN_STRICT_PROTOTYPES = YES;
				CLANG_WARN_SUSPICIOUS_MOVE = YES;
				CLANG_WARN_UNGUARDED_AVAILABILITY = YES_AGGRESSIVE;
				CLANG_WARN_UNREACHABLE_CODE = YES;
				CLANG_WARN__DUPLICATE_METHOD_MATCH = YES;
				CODE_SIGN_IDENTITY = "iPhone Developer";
				COPY_PHASE_STRIP = NO;
				DEBUG_INFORMATION_FORMAT = "dwarf-with-dsym";
				ENABLE_NS_ASSERTIONS = NO;
				ENABLE_STRICT_OBJC_MSGSEND = YES;
				GCC_C_LANGUAGE_STANDARD = gnu11;
				GCC_NO_COMMON_BLOCKS = YES;
				GCC_WARN_64_TO_32_BIT_CONVERSION = YES;
				GCC_WARN_ABOUT_RETURN_TYPE = YES_ERROR;
				GCC_WARN_UNDECLARED_SELECTOR = YES;
				GCC_WARN_UNINITIALIZED_AUTOS = YES_AGGRESSIVE;
				GCC_WARN_UNUSED_FUNCTION = YES;
				GCC_WARN_UNUSED_VARIABLE = YES;
				IPHONEOS_DEPLOYMENT_TARGET = 11.4;
				MTL_ENABLE_DEBUG_INFO = NO;
				SDKROOT = iphoneos;
				SWIFT_COMPILATION_MODE = wholemodule;
				SWIFT_OPTIMIZATION_LEVEL = "-O";
				VALIDATE_PRODUCT = YES;
			};
			name = Release;
		};
		9335453420FE7E2A00729388 /* Debug */ = {
			isa = XCBuildConfiguration;
			buildSettings = {
				ASSETCATALOG_COMPILER_APPICON_NAME = AppIcon;
				CODE_SIGN_STYLE = Automatic;
				DEVELOPMENT_TEAM = ZUAM3Q38J4;
				INFOPLIST_FILE = SearchBar/Info.plist;
				LD_RUNPATH_SEARCH_PATHS = (
					"$(inherited)",
					"@executable_path/Frameworks",
				);
				PRODUCT_BUNDLE_IDENTIFIER = TeodikAbrami.app.SearchBar;
				PRODUCT_NAME = "$(TARGET_NAME)";
				SWIFT_VERSION = 4.0;
				TARGETED_DEVICE_FAMILY = "1,2";
			};
			name = Debug;
		};
		9335453520FE7E2A00729388 /* Release */ = {
			isa = XCBuildConfiguration;
			buildSettings = {
				ASSETCATALOG_COMPILER_APPICON_NAME = AppIcon;
				CODE_SIGN_STYLE = Automatic;
				DEVELOPMENT_TEAM = ZUAM3Q38J4;
				INFOPLIST_FILE = SearchBar/Info.plist;
				LD_RUNPATH_SEARCH_PATHS = (
					"$(inherited)",
					"@executable_path/Frameworks",
				);
				PRODUCT_BUNDLE_IDENTIFIER = TeodikAbrami.app.SearchBar;
				PRODUCT_NAME = "$(TARGET_NAME)";
				SWIFT_VERSION = 4.0;
				TARGETED_DEVICE_FAMILY = "1,2";
			};
			name = Release;
		};
/* End XCBuildConfiguration section */

/* Begin XCConfigurationList section */
		9335451C20FE7E2700729388 /* Build configuration list for PBXProject "SearchBar" */ = {
			isa = XCConfigurationList;
			buildConfigurations = (
				9335453120FE7E2A00729388 /* Debug */,
				9335453220FE7E2A00729388 /* Release */,
			);
			defaultConfigurationIsVisible = 0;
			defaultConfigurationName = Release;
		};
		9335453320FE7E2A00729388 /* Build configuration list for PBXNativeTarget "SearchBar" */ = {
			isa = XCConfigurationList;
			buildConfigurations = (
				9335453420FE7E2A00729388 /* Debug */,
				9335453520FE7E2A00729388 /* Release */,
			);
			defaultConfigurationIsVisible = 0;
			defaultConfigurationName = Release;
		};
/* End XCConfigurationList section */
	};
	rootObject = 9335451920FE7E2700729388 /* Project object */;
}
